
Microsoft Visual Studio Solution File, Format Version 12.00
# Visual Studio Version 16
VisualStudioVersion = 16.0.29201.188
MinimumVisualStudioVersion = 10.0.40219.1
Project("{FAE04EC0-301F-11D3-BF4B-00C04F79EFBC}") = "Biblioteca.DA", "Biblioteca.DA\Biblioteca.DA.csproj", "{3C76EC57-491E-478C-A96F-D0F62D7DF84A}"
EndProject
Project("{FAE04EC0-301F-11D3-BF4B-00C04F79EFBC}") = "Biblioteca.BO", "Biblioteca.BO\Biblioteca.BO.csproj", "{EDCEC31E-8F9C-46B8-B89E-F48D69FFDF81}"
EndProject
Project("{FAE04EC0-301F-11D3-BF4B-00C04F79EFBC}") = "Biblioteca.Model", "Biblioteca.Model\Biblioteca.Model.csproj", "{75390503-7D58-4211-B12D-8FB33E11D993}"
EndProject
Project("{FAE04EC0-301F-11D3-BF4B-00C04F79EFBC}") = "Biblioteca.Service", "Biblioteca.Service\Biblioteca.Service.csproj", "{2FCF1AF5-BE8D-4572-B5E5-F7EFDA0F6E46}"
EndProject
Project("{FAE04EC0-301F-11D3-BF4B-00C04F79EFBC}") = "Biblioteca.UI", "Biblioteca.UI\Biblioteca.UI.csproj", "{BEAADA20-1D6D-4CF5-820C-0E8A5FA9F430}"
EndProject
Global
	GlobalSection(SolutionConfigurationPlatforms) = preSolution
		Debug|Any CPU = Debug|Any CPU
		Release|Any CPU = Release|Any CPU
	EndGlobalSection
	GlobalSection(ProjectConfigurationPlatforms) = postSolution
		{3C76EC57-491E-478C-A96F-D0F62D7DF84A}.Debug|Any CPU.ActiveCfg = Debug|Any CPU
		{3C76EC57-491E-478C-A96F-D0F62D7DF84A}.Debug|Any CPU.Build.0 = Debug|Any CPU
		{3C76EC57-491E-478C-A96F-D0F62D7DF84A}.Release|Any CPU.ActiveCfg = Release|Any CPU
		{3C76EC57-491E-478C-A96F-D0F62D7DF84A}.Release|Any CPU.Build.0 = Release|Any CPU
		{EDCEC31E-8F9C-46B8-B89E-F48D69FFDF81}.Debug|Any CPU.ActiveCfg = Debug|Any CPU
		{EDCEC31E-8F9C-46B8-B89E-F48D69FFDF81}.Debug|Any CPU.Build.0 = Debug|Any CPU
		{EDCEC31E-8F9C-46B8-B89E-F48D69FFDF81}.Release|Any CPU.ActiveCfg = Release|Any CPU
		{EDCEC31E-8F9C-46B8-B89E-F48D69FFDF81}.Release|Any CPU.Build.0 = Release|Any CPU
		{75390503-7D58-4211-B12D-8FB33E11D993}.Debug|Any CPU.ActiveCfg = Debug|Any CPU
		{75390503-7D58-4211-B12D-8FB33E11D993}.Debug|Any CPU.Build.0 = Debug|Any CPU
		{75390503-7D58-4211-B12D-8FB33E11D993}.Release|Any CPU.ActiveCfg = Release|Any CPU
		{75390503-7D58-4211-B12D-8FB33E11D993}.Release|Any CPU.Build.0 = Release|Any CPU
		{2FCF1AF5-BE8D-4572-B5E5-F7EFDA0F6E46}.Debug|Any CPU.ActiveCfg = Debug|Any CPU
		{2FCF1AF5-BE8D-4572-B5E5-F7EFDA0F6E46}.Debug|Any CPU.Build.0 = Debug|Any CPU
		{2FCF1AF5-BE8D-4572-B5E5-F7EFDA0F6E46}.Release|Any CPU.ActiveCfg = Release|Any CPU
		{2FCF1AF5-BE8D-4572-B5E5-F7EFDA0F6E46}.Release|Any CPU.Build.0 = Release|Any CPU
		{BEAADA20-1D6D-4CF5-820C-0E8A5FA9F430}.Debug|Any CPU.ActiveCfg = Debug|Any CPU
		{BEAADA20-1D6D-4CF5-820C-0E8A5FA9F430}.Debug|Any CPU.Build.0 = Debug|Any CPU
		{BEAADA20-1D6D-4CF5-820C-0E8A5FA9F430}.Release|Any CPU.ActiveCfg = Release|Any CPU
		{BEAADA20-1D6D-4CF5-820C-0E8A5FA9F430}.Release|Any CPU.Build.0 = Release|Any CPU
	EndGlobalSection
	GlobalSection(SolutionProperties) = preSolution
		HideSolutionNode = FALSE
	EndGlobalSection
	GlobalSection(ExtensibilityGlobals) = postSolution
		SolutionGuid = {6423FE74-C7BF-48FF-8B79-CE9A371AE730}
	EndGlobalSection
EndGlobal
